// !$*UTF8*$!
{
	archiveVersion = 1;
	classes = {
	};
	objectVersion = 56;
	objects = {

/* Begin PBXBuildFile section */
		8350E5182AF0F9B2007ACCAF /* Chat_Firebase_SwiftUIApp.swift in Sources */ = {isa = PBXBuildFile; fileRef = 8350E5172AF0F9B2007ACCAF /* Chat_Firebase_SwiftUIApp.swift */; };
		8350E51A2AF0F9B2007ACCAF /* LoginView.swift in Sources */ = {isa = PBXBuildFile; fileRef = 8350E5192AF0F9B2007ACCAF /* LoginView.swift */; };
		8350E51C2AF0F9B4007ACCAF /* Assets.xcassets in Resources */ = {isa = PBXBuildFile; fileRef = 8350E51B2AF0F9B4007ACCAF /* Assets.xcassets */; };
		8350E51F2AF0F9B4007ACCAF /* Preview Assets.xcassets in Resources */ = {isa = PBXBuildFile; fileRef = 8350E51E2AF0F9B4007ACCAF /* Preview Assets.xcassets */; };
		8350E5272AF0FC45007ACCAF /* FirebaseAnalytics in Frameworks */ = {isa = PBXBuildFile; productRef = 8350E5262AF0FC45007ACCAF /* FirebaseAnalytics */; };
		8350E5292AF0FC45007ACCAF /* FirebaseAnalyticsOnDeviceConversion in Frameworks */ = {isa = PBXBuildFile; productRef = 8350E5282AF0FC45007ACCAF /* FirebaseAnalyticsOnDeviceConversion */; };
		8350E52B2AF0FC45007ACCAF /* FirebaseAnalyticsSwift in Frameworks */ = {isa = PBXBuildFile; productRef = 8350E52A2AF0FC45007ACCAF /* FirebaseAnalyticsSwift */; };
		8350E52D2AF0FC45007ACCAF /* FirebaseAnalyticsWithoutAdIdSupport in Frameworks */ = {isa = PBXBuildFile; productRef = 8350E52C2AF0FC45007ACCAF /* FirebaseAnalyticsWithoutAdIdSupport */; };
		8350E52F2AF0FC45007ACCAF /* FirebaseAppCheck in Frameworks */ = {isa = PBXBuildFile; productRef = 8350E52E2AF0FC45007ACCAF /* FirebaseAppCheck */; };
		8350E5312AF0FC45007ACCAF /* FirebaseAppDistribution-Beta in Frameworks */ = {isa = PBXBuildFile; productRef = 8350E5302AF0FC45007ACCAF /* FirebaseAppDistribution-Beta */; };
		8350E5332AF0FC45007ACCAF /* FirebaseAuth in Frameworks */ = {isa = PBXBuildFile; productRef = 8350E5322AF0FC45007ACCAF /* FirebaseAuth */; };
		8350E5352AF0FC45007ACCAF /* FirebaseAuthCombine-Community in Frameworks */ = {isa = PBXBuildFile; productRef = 8350E5342AF0FC45007ACCAF /* FirebaseAuthCombine-Community */; };
		8350E5372AF0FC45007ACCAF /* FirebaseCrashlytics in Frameworks */ = {isa = PBXBuildFile; productRef = 8350E5362AF0FC45007ACCAF /* FirebaseCrashlytics */; };
		8350E5392AF0FC45007ACCAF /* FirebaseDatabase in Frameworks */ = {isa = PBXBuildFile; productRef = 8350E5382AF0FC45007ACCAF /* FirebaseDatabase */; };
		8350E53B2AF0FC45007ACCAF /* FirebaseDatabaseSwift in Frameworks */ = {isa = PBXBuildFile; productRef = 8350E53A2AF0FC45007ACCAF /* FirebaseDatabaseSwift */; };
		8350E53D2AF0FC45007ACCAF /* FirebaseDynamicLinks in Frameworks */ = {isa = PBXBuildFile; productRef = 8350E53C2AF0FC45007ACCAF /* FirebaseDynamicLinks */; };
		8350E53F2AF0FC45007ACCAF /* FirebaseFirestore in Frameworks */ = {isa = PBXBuildFile; productRef = 8350E53E2AF0FC45007ACCAF /* FirebaseFirestore */; };
		8350E5412AF0FC45007ACCAF /* FirebaseFirestoreCombine-Community in Frameworks */ = {isa = PBXBuildFile; productRef = 8350E5402AF0FC45007ACCAF /* FirebaseFirestoreCombine-Community */; };
		8350E5432AF0FC45007ACCAF /* FirebaseFirestoreSwift in Frameworks */ = {isa = PBXBuildFile; productRef = 8350E5422AF0FC45007ACCAF /* FirebaseFirestoreSwift */; };
		8350E5452AF0FC45007ACCAF /* FirebaseFunctions in Frameworks */ = {isa = PBXBuildFile; productRef = 8350E5442AF0FC45007ACCAF /* FirebaseFunctions */; };
		8350E5472AF0FC45007ACCAF /* FirebaseFunctionsCombine-Community in Frameworks */ = {isa = PBXBuildFile; productRef = 8350E5462AF0FC45007ACCAF /* FirebaseFunctionsCombine-Community */; };
		8350E5492AF0FC45007ACCAF /* FirebaseInAppMessaging-Beta in Frameworks */ = {isa = PBXBuildFile; productRef = 8350E5482AF0FC45007ACCAF /* FirebaseInAppMessaging-Beta */; };
		8350E54B2AF0FC45007ACCAF /* FirebaseInAppMessagingSwift-Beta in Frameworks */ = {isa = PBXBuildFile; productRef = 8350E54A2AF0FC45007ACCAF /* FirebaseInAppMessagingSwift-Beta */; };
		8350E54D2AF0FC45007ACCAF /* FirebaseInstallations in Frameworks */ = {isa = PBXBuildFile; productRef = 8350E54C2AF0FC45007ACCAF /* FirebaseInstallations */; };
		8350E54F2AF0FC45007ACCAF /* FirebaseMLModelDownloader in Frameworks */ = {isa = PBXBuildFile; productRef = 8350E54E2AF0FC45007ACCAF /* FirebaseMLModelDownloader */; };
		8350E5512AF0FC45007ACCAF /* FirebaseMessaging in Frameworks */ = {isa = PBXBuildFile; productRef = 8350E5502AF0FC45007ACCAF /* FirebaseMessaging */; };
		8350E5532AF0FC45007ACCAF /* FirebasePerformance in Frameworks */ = {isa = PBXBuildFile; productRef = 8350E5522AF0FC45007ACCAF /* FirebasePerformance */; };
		8350E5552AF0FC45007ACCAF /* FirebaseRemoteConfig in Frameworks */ = {isa = PBXBuildFile; productRef = 8350E5542AF0FC45007ACCAF /* FirebaseRemoteConfig */; };
		8350E5572AF0FC45007ACCAF /* FirebaseRemoteConfigSwift in Frameworks */ = {isa = PBXBuildFile; productRef = 8350E5562AF0FC45007ACCAF /* FirebaseRemoteConfigSwift */; };
		8350E5592AF0FC45007ACCAF /* FirebaseStorage in Frameworks */ = {isa = PBXBuildFile; productRef = 8350E5582AF0FC45007ACCAF /* FirebaseStorage */; };
		8350E55B2AF0FC45007ACCAF /* FirebaseStorageCombine-Community in Frameworks */ = {isa = PBXBuildFile; productRef = 8350E55A2AF0FC45007ACCAF /* FirebaseStorageCombine-Community */; };
		8350E55F2AF0FECB007ACCAF /* ImagePicker.swift in Sources */ = {isa = PBXBuildFile; fileRef = 8350E55E2AF0FECB007ACCAF /* ImagePicker.swift */; };
		8350E5612AF115B3007ACCAF /* GoogleService-Info.plist in Resources */ = {isa = PBXBuildFile; fileRef = 8350E5602AF115B3007ACCAF /* GoogleService-Info.plist */; };
/* End PBXBuildFile section */

/* Begin PBXFileReference section */
		8350E5142AF0F9B2007ACCAF /* Chat-Firebase-SwiftUI.app */ = {isa = PBXFileReference; explicitFileType = wrapper.application; includeInIndex = 0; path = "Chat-Firebase-SwiftUI.app"; sourceTree = BUILT_PRODUCTS_DIR; };
		8350E5172AF0F9B2007ACCAF /* Chat_Firebase_SwiftUIApp.swift */ = {isa = PBXFileReference; lastKnownFileType = sourcecode.swift; path = Chat_Firebase_SwiftUIApp.swift; sourceTree = "<group>"; };
		8350E5192AF0F9B2007ACCAF /* LoginView.swift */ = {isa = PBXFileReference; lastKnownFileType = sourcecode.swift; path = LoginView.swift; sourceTree = "<group>"; };
		8350E51B2AF0F9B4007ACCAF /* Assets.xcassets */ = {isa = PBXFileReference; lastKnownFileType = folder.assetcatalog; path = Assets.xcassets; sourceTree = "<group>"; };
		8350E51E2AF0F9B4007ACCAF /* Preview Assets.xcassets */ = {isa = PBXFileReference; lastKnownFileType = folder.assetcatalog; path = "Preview Assets.xcassets"; sourceTree = "<group>"; };
		8350E55E2AF0FECB007ACCAF /* ImagePicker.swift */ = {isa = PBXFileReference; lastKnownFileType = sourcecode.swift; path = ImagePicker.swift; sourceTree = "<group>"; };
		8350E5602AF115B3007ACCAF /* GoogleService-Info.plist */ = {isa = PBXFileReference; fileEncoding = 4; lastKnownFileType = text.plist.xml; path = "GoogleService-Info.plist"; sourceTree = "<group>"; };
/* End PBXFileReference section */

/* Begin PBXFrameworksBuildPhase section */
		8350E5112AF0F9B2007ACCAF /* Frameworks */ = {
			isa = PBXFrameworksBuildPhase;
			buildActionMask = 2147483647;
			files = (
				8350E5392AF0FC45007ACCAF /* FirebaseDatabase in Frameworks */,
				8350E5472AF0FC45007ACCAF /* FirebaseFunctionsCombine-Community in Frameworks */,
				8350E53F2AF0FC45007ACCAF /* FirebaseFirestore in Frameworks */,
				8350E52B2AF0FC45007ACCAF /* FirebaseAnalyticsSwift in Frameworks */,
				8350E5272AF0FC45007ACCAF /* FirebaseAnalytics in Frameworks */,
				8350E5292AF0FC45007ACCAF /* FirebaseAnalyticsOnDeviceConversion in Frameworks */,
				8350E54F2AF0FC45007ACCAF /* FirebaseMLModelDownloader in Frameworks */,
				8350E5432AF0FC45007ACCAF /* FirebaseFirestoreSwift in Frameworks */,
				8350E52F2AF0FC45007ACCAF /* FirebaseAppCheck in Frameworks */,
				8350E52D2AF0FC45007ACCAF /* FirebaseAnalyticsWithoutAdIdSupport in Frameworks */,
				8350E5332AF0FC45007ACCAF /* FirebaseAuth in Frameworks */,
				8350E5372AF0FC45007ACCAF /* FirebaseCrashlytics in Frameworks */,
				8350E5572AF0FC45007ACCAF /* FirebaseRemoteConfigSwift in Frameworks */,
				8350E5492AF0FC45007ACCAF /* FirebaseInAppMessaging-Beta in Frameworks */,
				8350E53B2AF0FC45007ACCAF /* FirebaseDatabaseSwift in Frameworks */,
				8350E5452AF0FC45007ACCAF /* FirebaseFunctions in Frameworks */,
				8350E55B2AF0FC45007ACCAF /* FirebaseStorageCombine-Community in Frameworks */,
				8350E5552AF0FC45007ACCAF /* FirebaseRemoteConfig in Frameworks */,
				8350E5312AF0FC45007ACCAF /* FirebaseAppDistribution-Beta in Frameworks */,
				8350E5352AF0FC45007ACCAF /* FirebaseAuthCombine-Community in Frameworks */,
				8350E5532AF0FC45007ACCAF /* FirebasePerformance in Frameworks */,
				8350E54B2AF0FC45007ACCAF /* FirebaseInAppMessagingSwift-Beta in Frameworks */,
				8350E5592AF0FC45007ACCAF /* FirebaseStorage in Frameworks */,
				8350E53D2AF0FC45007ACCAF /* FirebaseDynamicLinks in Frameworks */,
				8350E5412AF0FC45007ACCAF /* FirebaseFirestoreCombine-Community in Frameworks */,
				8350E5512AF0FC45007ACCAF /* FirebaseMessaging in Frameworks */,
				8350E54D2AF0FC45007ACCAF /* FirebaseInstallations in Frameworks */,
			);
			runOnlyForDeploymentPostprocessing = 0;
		};
/* End PBXFrameworksBuildPhase section */

/* Begin PBXGroup section */
		8350E50B2AF0F9B2007ACCAF = {
			isa = PBXGroup;
			children = (
				8350E5162AF0F9B2007ACCAF /* Chat-Firebase-SwiftUI */,
				8350E5152AF0F9B2007ACCAF /* Products */,
			);
			sourceTree = "<group>";
		};
		8350E5152AF0F9B2007ACCAF /* Products */ = {
			isa = PBXGroup;
			children = (
				8350E5142AF0F9B2007ACCAF /* Chat-Firebase-SwiftUI.app */,
			);
			name = Products;
			sourceTree = "<group>";
		};
		8350E5162AF0F9B2007ACCAF /* Chat-Firebase-SwiftUI */ = {
			isa = PBXGroup;
			children = (
				8350E5172AF0F9B2007ACCAF /* Chat_Firebase_SwiftUIApp.swift */,
				8350E5192AF0F9B2007ACCAF /* LoginView.swift */,
				8350E55E2AF0FECB007ACCAF /* ImagePicker.swift */,
				8350E51B2AF0F9B4007ACCAF /* Assets.xcassets */,
				8350E5602AF115B3007ACCAF /* GoogleService-Info.plist */,
				8350E51D2AF0F9B4007ACCAF /* Preview Content */,
			);
			path = "Chat-Firebase-SwiftUI";
			sourceTree = "<group>";
		};
		8350E51D2AF0F9B4007ACCAF /* Preview Content */ = {
			isa = PBXGroup;
			children = (
				8350E51E2AF0F9B4007ACCAF /* Preview Assets.xcassets */,
			);
			path = "Preview Content";
			sourceTree = "<group>";
		};
/* End PBXGroup section */

/* Begin PBXNativeTarget section */
		8350E5132AF0F9B2007ACCAF /* Chat-Firebase-SwiftUI */ = {
			isa = PBXNativeTarget;
			buildConfigurationList = 8350E5222AF0F9B4007ACCAF /* Build configuration list for PBXNativeTarget "Chat-Firebase-SwiftUI" */;
			buildPhases = (
				8350E5102AF0F9B2007ACCAF /* Sources */,
				8350E5112AF0F9B2007ACCAF /* Frameworks */,
				8350E5122AF0F9B2007ACCAF /* Resources */,
			);
			buildRules = (
			);
			dependencies = (
			);
			name = "Chat-Firebase-SwiftUI";
			packageProductDependencies = (
				8350E5262AF0FC45007ACCAF /* FirebaseAnalytics */,
				8350E5282AF0FC45007ACCAF /* FirebaseAnalyticsOnDeviceConversion */,
				8350E52A2AF0FC45007ACCAF /* FirebaseAnalyticsSwift */,
				8350E52C2AF0FC45007ACCAF /* FirebaseAnalyticsWithoutAdIdSupport */,
				8350E52E2AF0FC45007ACCAF /* FirebaseAppCheck */,
				8350E5302AF0FC45007ACCAF /* FirebaseAppDistribution-Beta */,
				8350E5322AF0FC45007ACCAF /* FirebaseAuth */,
				8350E5342AF0FC45007ACCAF /* FirebaseAuthCombine-Community */,
				8350E5362AF0FC45007ACCAF /* FirebaseCrashlytics */,
				8350E5382AF0FC45007ACCAF /* FirebaseDatabase */,
				8350E53A2AF0FC45007ACCAF /* FirebaseDatabaseSwift */,
				8350E53C2AF0FC45007ACCAF /* FirebaseDynamicLinks */,
				8350E53E2AF0FC45007ACCAF /* FirebaseFirestore */,
				8350E5402AF0FC45007ACCAF /* FirebaseFirestoreCombine-Community */,
				8350E5422AF0FC45007ACCAF /* FirebaseFirestoreSwift */,
				8350E5442AF0FC45007ACCAF /* FirebaseFunctions */,
				8350E5462AF0FC45007ACCAF /* FirebaseFunctionsCombine-Community */,
				8350E5482AF0FC45007ACCAF /* FirebaseInAppMessaging-Beta */,
				8350E54A2AF0FC45007ACCAF /* FirebaseInAppMessagingSwift-Beta */,
				8350E54C2AF0FC45007ACCAF /* FirebaseInstallations */,
				8350E54E2AF0FC45007ACCAF /* FirebaseMLModelDownloader */,
				8350E5502AF0FC45007ACCAF /* FirebaseMessaging */,
				8350E5522AF0FC45007ACCAF /* FirebasePerformance */,
				8350E5542AF0FC45007ACCAF /* FirebaseRemoteConfig */,
				8350E5562AF0FC45007ACCAF /* FirebaseRemoteConfigSwift */,
				8350E5582AF0FC45007ACCAF /* FirebaseStorage */,
				8350E55A2AF0FC45007ACCAF /* FirebaseStorageCombine-Community */,
			);
			productName = "Chat-Firebase-SwiftUI";
			productReference = 8350E5142AF0F9B2007ACCAF /* Chat-Firebase-SwiftUI.app */;
			productType = "com.apple.product-type.application";
		};
/* End PBXNativeTarget section */

/* Begin PBXProject section */
		8350E50C2AF0F9B2007ACCAF /* Project object */ = {
			isa = PBXProject;
			attributes = {
				BuildIndependentTargetsInParallel = 1;
				LastSwiftUpdateCheck = 1500;
				LastUpgradeCheck = 1500;
				TargetAttributes = {
					8350E5132AF0F9B2007ACCAF = {
						CreatedOnToolsVersion = 15.0.1;
					};
				};
			};
			buildConfigurationList = 8350E50F2AF0F9B2007ACCAF /* Build configuration list for PBXProject "Chat-Firebase-SwiftUI" */;
			compatibilityVersion = "Xcode 14.0";
			developmentRegion = en;
			hasScannedForEncodings = 0;
			knownRegions = (
				en,
				Base,
			);
			mainGroup = 8350E50B2AF0F9B2007ACCAF;
			packageReferences = (
				8350E5252AF0FC45007ACCAF /* XCRemoteSwiftPackageReference "firebase-ios-sdk" */,
			);
			productRefGroup = 8350E5152AF0F9B2007ACCAF /* Products */;
			projectDirPath = "";
			projectRoot = "";
			targets = (
				8350E5132AF0F9B2007ACCAF /* Chat-Firebase-SwiftUI */,
			);
		};
/* End PBXProject section */

/* Begin PBXResourcesBuildPhase section */
		8350E5122AF0F9B2007ACCAF /* Resources */ = {
			isa = PBXResourcesBuildPhase;
			buildActionMask = 2147483647;
			files = (
				8350E51F2AF0F9B4007ACCAF /* Preview Assets.xcassets in Resources */,
				8350E51C2AF0F9B4007ACCAF /* Assets.xcassets in Resources */,
				8350E5612AF115B3007ACCAF /* GoogleService-Info.plist in Resources */,
			);
			runOnlyForDeploymentPostprocessing = 0;
		};
/* End PBXResourcesBuildPhase section */

/* Begin PBXSourcesBuildPhase section */
		8350E5102AF0F9B2007ACCAF /* Sources */ = {
			isa = PBXSourcesBuildPhase;
			buildActionMask = 2147483647;
			files = (
				8350E55F2AF0FECB007ACCAF /* ImagePicker.swift in Sources */,
				8350E51A2AF0F9B2007ACCAF /* LoginView.swift in Sources */,
				8350E5182AF0F9B2007ACCAF /* Chat_Firebase_SwiftUIApp.swift in Sources */,
			);
			runOnlyForDeploymentPostprocessing = 0;
		};
/* End PBXSourcesBuildPhase section */

/* Begin XCBuildConfiguration section */
		8350E5202AF0F9B4007ACCAF /* Debug */ = {
			isa = XCBuildConfiguration;
			buildSettings = {
				ALWAYS_SEARCH_USER_PATHS = NO;
				ASSETCATALOG_COMPILER_GENERATE_SWIFT_ASSET_SYMBOL_EXTENSIONS = YES;
				CLANG_ANALYZER_NONNULL = YES;
				CLANG_ANALYZER_NUMBER_OBJECT_CONVERSION = YES_AGGRESSIVE;
				CLANG_CXX_LANGUAGE_STANDARD = "gnu++20";
				CLANG_ENABLE_MODULES = YES;
				CLANG_ENABLE_OBJC_ARC = YES;
				CLANG_ENABLE_OBJC_WEAK = YES;
				CLANG_WARN_BLOCK_CAPTURE_AUTORELEASING = YES;
				CLANG_WARN_BOOL_CONVERSION = YES;
				CLANG_WARN_COMMA = YES;
				CLANG_WARN_CONSTANT_CONVERSION = YES;
				CLANG_WARN_DEPRECATED_OBJC_IMPLEMENTATIONS = YES;
				CLANG_WARN_DIRECT_OBJC_ISA_USAGE = YES_ERROR;
				CLANG_WARN_DOCUMENTATION_COMMENTS = YES;
				CLANG_WARN_EMPTY_BODY = YES;
				CLANG_WARN_ENUM_CONVERSION = YES;
				CLANG_WARN_INFINITE_RECURSION = YES;
				CLANG_WARN_INT_CONVERSION = YES;
				CLANG_WARN_NON_LITERAL_NULL_CONVERSION = YES;
				CLANG_WARN_OBJC_IMPLICIT_RETAIN_SELF = YES;
				CLANG_WARN_OBJC_LITERAL_CONVERSION = YES;
				CLANG_WARN_OBJC_ROOT_CLASS = YES_ERROR;
				CLANG_WARN_QUOTED_INCLUDE_IN_FRAMEWORK_HEADER = YES;
				CLANG_WARN_RANGE_LOOP_ANALYSIS = YES;
				CLANG_WARN_STRICT_PROTOTYPES = YES;
				CLANG_WARN_SUSPICIOUS_MOVE = YES;
				CLANG_WARN_UNGUARDED_AVAILABILITY = YES_AGGRESSIVE;
				CLANG_WARN_UNREACHABLE_CODE = YES;
				CLANG_WARN__DUPLICATE_METHOD_MATCH = YES;
				COPY_PHASE_STRIP = NO;
				DEBUG_INFORMATION_FORMAT = dwarf;
				ENABLE_STRICT_OBJC_MSGSEND = YES;
				ENABLE_TESTABILITY = YES;
				ENABLE_USER_SCRIPT_SANDBOXING = YES;
				GCC_C_LANGUAGE_STANDARD = gnu17;
				GCC_DYNAMIC_NO_PIC = NO;
				GCC_NO_COMMON_BLOCKS = YES;
				GCC_OPTIMIZATION_LEVEL = 0;
				GCC_PREPROCESSOR_DEFINITIONS = (
					"DEBUG=1",
					"$(inherited)",
				);
				GCC_WARN_64_TO_32_BIT_CONVERSION = YES;
				GCC_WARN_ABOUT_RETURN_TYPE = YES_ERROR;
				GCC_WARN_UNDECLARED_SELECTOR = YES;
				GCC_WARN_UNINITIALIZED_AUTOS = YES_AGGRESSIVE;
				GCC_WARN_UNUSED_FUNCTION = YES;
				GCC_WARN_UNUSED_VARIABLE = YES;
				IPHONEOS_DEPLOYMENT_TARGET = 17.0;
				LOCALIZATION_PREFERS_STRING_CATALOGS = YES;
				MTL_ENABLE_DEBUG_INFO = INCLUDE_SOURCE;
				MTL_FAST_MATH = YES;
				ONLY_ACTIVE_ARCH = YES;
				SDKROOT = iphoneos;
				SWIFT_ACTIVE_COMPILATION_CONDITIONS = "DEBUG $(inherited)";
				SWIFT_OPTIMIZATION_LEVEL = "-Onone";
			};
			name = Debug;
		};
		8350E5212AF0F9B4007ACCAF /* Release */ = {
			isa = XCBuildConfiguration;
			buildSettings = {
				ALWAYS_SEARCH_USER_PATHS = NO;
				ASSETCATALOG_COMPILER_GENERATE_SWIFT_ASSET_SYMBOL_EXTENSIONS = YES;
				CLANG_ANALYZER_NONNULL = YES;
				CLANG_ANALYZER_NUMBER_OBJECT_CONVERSION = YES_AGGRESSIVE;
				CLANG_CXX_LANGUAGE_STANDARD = "gnu++20";
				CLANG_ENABLE_MODULES = YES;
				CLANG_ENABLE_OBJC_ARC = YES;
				CLANG_ENABLE_OBJC_WEAK = YES;
				CLANG_WARN_BLOCK_CAPTURE_AUTORELEASING = YES;
				CLANG_WARN_BOOL_CONVERSION = YES;
				CLANG_WARN_COMMA = YES;
				CLANG_WARN_CONSTANT_CONVERSION = YES;
				CLANG_WARN_DEPRECATED_OBJC_IMPLEMENTATIONS = YES;
				CLANG_WARN_DIRECT_OBJC_ISA_USAGE = YES_ERROR;
				CLANG_WARN_DOCUMENTATION_COMMENTS = YES;
				CLANG_WARN_EMPTY_BODY = YES;
				CLANG_WARN_ENUM_CONVERSION = YES;
				CLANG_WARN_INFINITE_RECURSION = YES;
				CLANG_WARN_INT_CONVERSION = YES;
				CLANG_WARN_NON_LITERAL_NULL_CONVERSION = YES;
				CLANG_WARN_OBJC_IMPLICIT_RETAIN_SELF = YES;
				CLANG_WARN_OBJC_LITERAL_CONVERSION = YES;
				CLANG_WARN_OBJC_ROOT_CLASS = YES_ERROR;
				CLANG_WARN_QUOTED_INCLUDE_IN_FRAMEWORK_HEADER = YES;
				CLANG_WARN_RANGE_LOOP_ANALYSIS = YES;
				CLANG_WARN_STRICT_PROTOTYPES = YES;
				CLANG_WARN_SUSPICIOUS_MOVE = YES;
				CLANG_WARN_UNGUARDED_AVAILABILITY = YES_AGGRESSIVE;
				CLANG_WARN_UNREACHABLE_CODE = YES;
				CLANG_WARN__DUPLICATE_METHOD_MATCH = YES;
				COPY_PHASE_STRIP = NO;
				DEBUG_INFORMATION_FORMAT = "dwarf-with-dsym";
				ENABLE_NS_ASSERTIONS = NO;
				ENABLE_STRICT_OBJC_MSGSEND = YES;
				ENABLE_USER_SCRIPT_SANDBOXING = YES;
				GCC_C_LANGUAGE_STANDARD = gnu17;
				GCC_NO_COMMON_BLOCKS = YES;
				GCC_WARN_64_TO_32_BIT_CONVERSION = YES;
				GCC_WARN_ABOUT_RETURN_TYPE = YES_ERROR;
				GCC_WARN_UNDECLARED_SELECTOR = YES;
				GCC_WARN_UNINITIALIZED_AUTOS = YES_AGGRESSIVE;
				GCC_WARN_UNUSED_FUNCTION = YES;
				GCC_WARN_UNUSED_VARIABLE = YES;
				IPHONEOS_DEPLOYMENT_TARGET = 17.0;
				LOCALIZATION_PREFERS_STRING_CATALOGS = YES;
				MTL_ENABLE_DEBUG_INFO = NO;
				MTL_FAST_MATH = YES;
				SDKROOT = iphoneos;
				SWIFT_COMPILATION_MODE = wholemodule;
				VALIDATE_PRODUCT = YES;
			};
			name = Release;
		};
		8350E5232AF0F9B4007ACCAF /* Debug */ = {
			isa = XCBuildConfiguration;
			buildSettings = {
				ASSETCATALOG_COMPILER_APPICON_NAME = AppIcon;
				ASSETCATALOG_COMPILER_GLOBAL_ACCENT_COLOR_NAME = AccentColor;
				CODE_SIGN_STYLE = Automatic;
				CURRENT_PROJECT_VERSION = 1;
				DEVELOPMENT_ASSET_PATHS = "\"Chat-Firebase-SwiftUI/Preview Content\"";
				DEVELOPMENT_TEAM = F55VNPAJS4;
				ENABLE_PREVIEWS = YES;
				GENERATE_INFOPLIST_FILE = YES;
				INFOPLIST_KEY_UIApplicationSceneManifest_Generation = YES;
				INFOPLIST_KEY_UIApplicationSupportsIndirectInputEvents = YES;
				INFOPLIST_KEY_UILaunchScreen_Generation = YES;
				INFOPLIST_KEY_UISupportedInterfaceOrientations_iPad = "UIInterfaceOrientationPortrait UIInterfaceOrientationPortraitUpsideDown UIInterfaceOrientationLandscapeLeft UIInterfaceOrientationLandscapeRight";
				INFOPLIST_KEY_UISupportedInterfaceOrientations_iPhone = "UIInterfaceOrientationPortrait UIInterfaceOrientationLandscapeLeft UIInterfaceOrientationLandscapeRight";
				LD_RUNPATH_SEARCH_PATHS = (
					"$(inherited)",
					"@executable_path/Frameworks",
				);
				MARKETING_VERSION = 1.0;
				PRODUCT_BUNDLE_IDENTIFIER = "com.cengizhantomak.Chat-Firebase-SwiftUI";
				PRODUCT_NAME = "$(TARGET_NAME)";
				SWIFT_EMIT_LOC_STRINGS = YES;
				SWIFT_VERSION = 5.0;
				TARGETED_DEVICE_FAMILY = "1,2";
			};
			name = Debug;
		};
		8350E5242AF0F9B4007ACCAF /* Release */ = {
			isa = XCBuildConfiguration;
			buildSettings = {
				ASSETCATALOG_COMPILER_APPICON_NAME = AppIcon;
				ASSETCATALOG_COMPILER_GLOBAL_ACCENT_COLOR_NAME = AccentColor;
				CODE_SIGN_STYLE = Automatic;
				CURRENT_PROJECT_VERSION = 1;
				DEVELOPMENT_ASSET_PATHS = "\"Chat-Firebase-SwiftUI/Preview Content\"";
				DEVELOPMENT_TEAM = F55VNPAJS4;
				ENABLE_PREVIEWS = YES;
				GENERATE_INFOPLIST_FILE = YES;
				INFOPLIST_KEY_UIApplicationSceneManifest_Generation = YES;
				INFOPLIST_KEY_UIApplicationSupportsIndirectInputEvents = YES;
				INFOPLIST_KEY_UILaunchScreen_Generation = YES;
				INFOPLIST_KEY_UISupportedInterfaceOrientations_iPad = "UIInterfaceOrientationPortrait UIInterfaceOrientationPortraitUpsideDown UIInterfaceOrientationLandscapeLeft UIInterfaceOrientationLandscapeRight";
				INFOPLIST_KEY_UISupportedInterfaceOrientations_iPhone = "UIInterfaceOrientationPortrait UIInterfaceOrientationLandscapeLeft UIInterfaceOrientationLandscapeRight";
				LD_RUNPATH_SEARCH_PATHS = (
					"$(inherited)",
					"@executable_path/Frameworks",
				);
				MARKETING_VERSION = 1.0;
				PRODUCT_BUNDLE_IDENTIFIER = "com.cengizhantomak.Chat-Firebase-SwiftUI";
				PRODUCT_NAME = "$(TARGET_NAME)";
				SWIFT_EMIT_LOC_STRINGS = YES;
				SWIFT_VERSION = 5.0;
				TARGETED_DEVICE_FAMILY = "1,2";
			};
			name = Release;
		};
/* End XCBuildConfiguration section */

/* Begin XCConfigurationList section */
		8350E50F2AF0F9B2007ACCAF /* Build configuration list for PBXProject "Chat-Firebase-SwiftUI" */ = {
			isa = XCConfigurationList;
			buildConfigurations = (
				8350E5202AF0F9B4007ACCAF /* Debug */,
				8350E5212AF0F9B4007ACCAF /* Release */,
			);
			defaultConfigurationIsVisible = 0;
			defaultConfigurationName = Release;
		};
		8350E5222AF0F9B4007ACCAF /* Build configuration list for PBXNativeTarget "Chat-Firebase-SwiftUI" */ = {
			isa = XCConfigurationList;
			buildConfigurations = (
				8350E5232AF0F9B4007ACCAF /* Debug */,
				8350E5242AF0F9B4007ACCAF /* Release */,
			);
			defaultConfigurationIsVisible = 0;
			defaultConfigurationName = Release;
		};
/* End XCConfigurationList section */

/* Begin XCRemoteSwiftPackageReference section */
		8350E5252AF0FC45007ACCAF /* XCRemoteSwiftPackageReference "firebase-ios-sdk" */ = {
			isa = XCRemoteSwiftPackageReference;
			repositoryURL = "https://github.com/firebase/firebase-ios-sdk.git";
			requirement = {
				kind = upToNextMajorVersion;
				minimumVersion = 10.17.0;
			};
		};
/* End XCRemoteSwiftPackageReference section */

/* Begin XCSwiftPackageProductDependency section */
		8350E5262AF0FC45007ACCAF /* FirebaseAnalytics */ = {
			isa = XCSwiftPackageProductDependency;
			package = 8350E5252AF0FC45007ACCAF /* XCRemoteSwiftPackageReference "firebase-ios-sdk" */;
			productName = FirebaseAnalytics;
		};
		8350E5282AF0FC45007ACCAF /* FirebaseAnalyticsOnDeviceConversion */ = {
			isa = XCSwiftPackageProductDependency;
			package = 8350E5252AF0FC45007ACCAF /* XCRemoteSwiftPackageReference "firebase-ios-sdk" */;
			productName = FirebaseAnalyticsOnDeviceConversion;
		};
		8350E52A2AF0FC45007ACCAF /* FirebaseAnalyticsSwift */ = {
			isa = XCSwiftPackageProductDependency;
			package = 8350E5252AF0FC45007ACCAF /* XCRemoteSwiftPackageReference "firebase-ios-sdk" */;
			productName = FirebaseAnalyticsSwift;
		};
		8350E52C2AF0FC45007ACCAF /* FirebaseAnalyticsWithoutAdIdSupport */ = {
			isa = XCSwiftPackageProductDependency;
			package = 8350E5252AF0FC45007ACCAF /* XCRemoteSwiftPackageReference "firebase-ios-sdk" */;
			productName = FirebaseAnalyticsWithoutAdIdSupport;
		};
		8350E52E2AF0FC45007ACCAF /* FirebaseAppCheck */ = {
			isa = XCSwiftPackageProductDependency;
			package = 8350E5252AF0FC45007ACCAF /* XCRemoteSwiftPackageReference "firebase-ios-sdk" */;
			productName = FirebaseAppCheck;
		};
		8350E5302AF0FC45007ACCAF /* FirebaseAppDistribution-Beta */ = {
			isa = XCSwiftPackageProductDependency;
			package = 8350E5252AF0FC45007ACCAF /* XCRemoteSwiftPackageReference "firebase-ios-sdk" */;
			productName = "FirebaseAppDistribution-Beta";
		};
		8350E5322AF0FC45007ACCAF /* FirebaseAuth */ = {
			isa = XCSwiftPackageProductDependency;
			package = 8350E5252AF0FC45007ACCAF /* XCRemoteSwiftPackageReference "firebase-ios-sdk" */;
			productName = FirebaseAuth;
		};
		8350E5342AF0FC45007ACCAF /* FirebaseAuthCombine-Community */ = {
			isa = XCSwiftPackageProductDependency;
			package = 8350E5252AF0FC45007ACCAF /* XCRemoteSwiftPackageReference "firebase-ios-sdk" */;
			productName = "FirebaseAuthCombine-Community";
		};
		8350E5362AF0FC45007ACCAF /* FirebaseCrashlytics */ = {
			isa = XCSwiftPackageProductDependency;
			package = 8350E5252AF0FC45007ACCAF /* XCRemoteSwiftPackageReference "firebase-ios-sdk" */;
			productName = FirebaseCrashlytics;
		};
		8350E5382AF0FC45007ACCAF /* FirebaseDatabase */ = {
			isa = XCSwiftPackageProductDependency;
			package = 8350E5252AF0FC45007ACCAF /* XCRemoteSwiftPackageReference "firebase-ios-sdk" */;
			productName = FirebaseDatabase;
		};
		8350E53A2AF0FC45007ACCAF /* FirebaseDatabaseSwift */ = {
			isa = XCSwiftPackageProductDependency;
			package = 8350E5252AF0FC45007ACCAF /* XCRemoteSwiftPackageReference "firebase-ios-sdk" */;
			productName = FirebaseDatabaseSwift;
		};
		8350E53C2AF0FC45007ACCAF /* FirebaseDynamicLinks */ = {
			isa = XCSwiftPackageProductDependency;
			package = 8350E5252AF0FC45007ACCAF /* XCRemoteSwiftPackageReference "firebase-ios-sdk" */;
			productName = FirebaseDynamicLinks;
		};
		8350E53E2AF0FC45007ACCAF /* FirebaseFirestore */ = {
			isa = XCSwiftPackageProductDependency;
			package = 8350E5252AF0FC45007ACCAF /* XCRemoteSwiftPackageReference "firebase-ios-sdk" */;
			productName = FirebaseFirestore;
		};
		8350E5402AF0FC45007ACCAF /* FirebaseFirestoreCombine-Community */ = {
			isa = XCSwiftPackageProductDependency;
			package = 8350E5252AF0FC45007ACCAF /* XCRemoteSwiftPackageReference "firebase-ios-sdk" */;
			productName = "FirebaseFirestoreCombine-Community";
		};
		8350E5422AF0FC45007ACCAF /* FirebaseFirestoreSwift */ = {
			isa = XCSwiftPackageProductDependency;
			package = 8350E5252AF0FC45007ACCAF /* XCRemoteSwiftPackageReference "firebase-ios-sdk" */;
			productName = FirebaseFirestoreSwift;
		};
		8350E5442AF0FC45007ACCAF /* FirebaseFunctions */ = {
			isa = XCSwiftPackageProductDependency;
			package = 8350E5252AF0FC45007ACCAF /* XCRemoteSwiftPackageReference "firebase-ios-sdk" */;
			productName = FirebaseFunctions;
		};
		8350E5462AF0FC45007ACCAF /* FirebaseFunctionsCombine-Community */ = {
			isa = XCSwiftPackageProductDependency;
			package = 8350E5252AF0FC45007ACCAF /* XCRemoteSwiftPackageReference "firebase-ios-sdk" */;
			productName = "FirebaseFunctionsCombine-Community";
		};
		8350E5482AF0FC45007ACCAF /* FirebaseInAppMessaging-Beta */ = {
			isa = XCSwiftPackageProductDependency;
			package = 8350E5252AF0FC45007ACCAF /* XCRemoteSwiftPackageReference "firebase-ios-sdk" */;
			productName = "FirebaseInAppMessaging-Beta";
		};
		8350E54A2AF0FC45007ACCAF /* FirebaseInAppMessagingSwift-Beta */ = {
			isa = XCSwiftPackageProductDependency;
			package = 8350E5252AF0FC45007ACCAF /* XCRemoteSwiftPackageReference "firebase-ios-sdk" */;
			productName = "FirebaseInAppMessagingSwift-Beta";
		};
		8350E54C2AF0FC45007ACCAF /* FirebaseInstallations */ = {
			isa = XCSwiftPackageProductDependency;
			package = 8350E5252AF0FC45007ACCAF /* XCRemoteSwiftPackageReference "firebase-ios-sdk" */;
			productName = FirebaseInstallations;
		};
		8350E54E2AF0FC45007ACCAF /* FirebaseMLModelDownloader */ = {
			isa = XCSwiftPackageProductDependency;
			package = 8350E5252AF0FC45007ACCAF /* XCRemoteSwiftPackageReference "firebase-ios-sdk" */;
			productName = FirebaseMLModelDownloader;
		};
		8350E5502AF0FC45007ACCAF /* FirebaseMessaging */ = {
			isa = XCSwiftPackageProductDependency;
			package = 8350E5252AF0FC45007ACCAF /* XCRemoteSwiftPackageReference "firebase-ios-sdk" */;
			productName = FirebaseMessaging;
		};
		8350E5522AF0FC45007ACCAF /* FirebasePerformance */ = {
			isa = XCSwiftPackageProductDependency;
			package = 8350E5252AF0FC45007ACCAF /* XCRemoteSwiftPackageReference "firebase-ios-sdk" */;
			productName = FirebasePerformance;
		};
		8350E5542AF0FC45007ACCAF /* FirebaseRemoteConfig */ = {
			isa = XCSwiftPackageProductDependency;
			package = 8350E5252AF0FC45007ACCAF /* XCRemoteSwiftPackageReference "firebase-ios-sdk" */;
			productName = FirebaseRemoteConfig;
		};
		8350E5562AF0FC45007ACCAF /* FirebaseRemoteConfigSwift */ = {
			isa = XCSwiftPackageProductDependency;
			package = 8350E5252AF0FC45007ACCAF /* XCRemoteSwiftPackageReference "firebase-ios-sdk" */;
			productName = FirebaseRemoteConfigSwift;
		};
		8350E5582AF0FC45007ACCAF /* FirebaseStorage */ = {
			isa = XCSwiftPackageProductDependency;
			package = 8350E5252AF0FC45007ACCAF /* XCRemoteSwiftPackageReference "firebase-ios-sdk" */;
			productName = FirebaseStorage;
		};
		8350E55A2AF0FC45007ACCAF /* FirebaseStorageCombine-Community */ = {
			isa = XCSwiftPackageProductDependency;
			package = 8350E5252AF0FC45007ACCAF /* XCRemoteSwiftPackageReference "firebase-ios-sdk" */;
			productName = "FirebaseStorageCombine-Community";
		};
/* End XCSwiftPackageProductDependency section */
	};
	rootObject = 8350E50C2AF0F9B2007ACCAF /* Project object */;
}
